
Microsoft Visual Studio Solution File, Format Version 11.00
# Visual Studio 2010
Project("{FAE04EC0-301F-11D3-BF4B-00C04F79EFBC}") = "Assembly-CSharp", "Assembly-CSharp.csproj", "{F12E1D47-D217-0097-EEC2-7635DD6A1011}"
EndProject
Project("{FAE04EC0-301F-11D3-BF4B-00C04F79EFBC}") = "Assembly-CSharp-Editor", "Assembly-CSharp-Editor.csproj", "{59D01A4E-8780-15A3-564C-4656FF317138}"
EndProject
Global
	GlobalSection(SolutionConfigurationPlatforms) = preSolution
		Debug|Any CPU = Debug|Any CPU
		Release|Any CPU = Release|Any CPU
	EndGlobalSection
	GlobalSection(ProjectConfigurationPlatforms) = postSolution
		{F12E1D47-D217-0097-EEC2-7635DD6A1011}.Debug|Any CPU.ActiveCfg = Debug|Any CPU
		{F12E1D47-D217-0097-EEC2-7635DD6A1011}.Debug|Any CPU.Build.0 = Debug|Any CPU
		{F12E1D47-D217-0097-EEC2-7635DD6A1011}.Release|Any CPU.ActiveCfg = Release|Any CPU
		{F12E1D47-D217-0097-EEC2-7635DD6A1011}.Release|Any CPU.Build.0 = Release|Any CPU
		{59D01A4E-8780-15A3-564C-4656FF317138}.Debug|Any CPU.ActiveCfg = Debug|Any CPU
		{59D01A4E-8780-15A3-564C-4656FF317138}.Debug|Any CPU.Build.0 = Debug|Any CPU
		{59D01A4E-8780-15A3-564C-4656FF317138}.Release|Any CPU.ActiveCfg = Release|Any CPU
		{59D01A4E-8780-15A3-564C-4656FF317138}.Release|Any CPU.Build.0 = Release|Any CPU
	EndGlobalSection
	GlobalSection(SolutionProperties) = preSolution
		HideSolutionNode = FALSE
	EndGlobalSection
	GlobalSection(MonoDevelopProperties) = preSolution
		StartupItem = Assembly-CSharp.csproj
	EndGlobalSection
EndGlobal
